
Microsoft Visual Studio Solution File, Format Version 12.00
# Visual Studio 15
VisualStudioVersion = 15.0.33529.398
MinimumVisualStudioVersion = 10.0.40219.1
Project("{FAE04EC0-301F-11D3-BF4B-00C04F79EFBC}") = "TaxiStationCarTrekking", "TaxiStationCarTrekking\TaxiStationCarTrekking.csproj", "{50D6A434-AB28-4C2A-9D4E-7420B18B97C7}"
EndProject
Global
	GlobalSection(SolutionConfigurationPlatforms) = preSolution
		Debug|Any CPU = Debug|Any CPU
		Release|Any CPU = Release|Any CPU
	EndGlobalSection
	GlobalSection(ProjectConfigurationPlatforms) = postSolution
		{50D6A434-AB28-4C2A-9D4E-7420B18B97C7}.Debug|Any CPU.ActiveCfg = Debug|Any CPU
		{50D6A434-AB28-4C2A-9D4E-7420B18B97C7}.Debug|Any CPU.Build.0 = Debug|Any CPU
		{50D6A434-AB28-4C2A-9D4E-7420B18B97C7}.Release|Any CPU.ActiveCfg = Release|Any CPU
		{50D6A434-AB28-4C2A-9D4E-7420B18B97C7}.Release|Any CPU.Build.0 = Release|Any CPU
	EndGlobalSection
	GlobalSection(SolutionProperties) = preSolution
		HideSolutionNode = FALSE
	EndGlobalSection
	GlobalSection(ExtensibilityGlobals) = postSolution
		SolutionGuid = {20CA4B1F-AB43-49B4-A932-58CEA54C776F}
	EndGlobalSection
EndGlobal
